
Microsoft Visual Studio Solution File, Format Version 12.00
# Visual Studio Version 17
VisualStudioVersion = 17.11.35222.181
MinimumVisualStudioVersion = 10.0.40219.1
Project("{9A19103F-16F7-4668-BE54-9A1E7A4F7556}") = "PublicMethodsInterfaceGenerator", "PublicMethodsInterfaceGenerator\PublicMethodsInterfaceGenerator.csproj", "{0B2D223E-3D20-4A06-9CFE-F7CC8C450552}"
EndProject
Project("{FAE04EC0-301F-11D3-BF4B-00C04F79EFBC}") = "Samples", "..\samples\Samples\Samples.csproj", "{7C1CFAC0-14C2-40B7-A257-7735DF5415A9}"
EndProject
Global
	GlobalSection(SolutionConfigurationPlatforms) = preSolution
		Debug|Any CPU = Debug|Any CPU
		Release|Any CPU = Release|Any CPU
	EndGlobalSection
	GlobalSection(ProjectConfigurationPlatforms) = postSolution
		{0B2D223E-3D20-4A06-9CFE-F7CC8C450552}.Debug|Any CPU.ActiveCfg = Debug|Any CPU
		{0B2D223E-3D20-4A06-9CFE-F7CC8C450552}.Debug|Any CPU.Build.0 = Debug|Any CPU
		{0B2D223E-3D20-4A06-9CFE-F7CC8C450552}.Release|Any CPU.ActiveCfg = Release|Any CPU
		{0B2D223E-3D20-4A06-9CFE-F7CC8C450552}.Release|Any CPU.Build.0 = Release|Any CPU
		{7C1CFAC0-14C2-40B7-A257-7735DF5415A9}.Debug|Any CPU.ActiveCfg = Debug|Any CPU
		{7C1CFAC0-14C2-40B7-A257-7735DF5415A9}.Debug|Any CPU.Build.0 = Debug|Any CPU
		{7C1CFAC0-14C2-40B7-A257-7735DF5415A9}.Release|Any CPU.ActiveCfg = Release|Any CPU
		{7C1CFAC0-14C2-40B7-A257-7735DF5415A9}.Release|Any CPU.Build.0 = Release|Any CPU
	EndGlobalSection
	GlobalSection(SolutionProperties) = preSolution
		HideSolutionNode = FALSE
	EndGlobalSection
	GlobalSection(ExtensibilityGlobals) = postSolution
		SolutionGuid = {1CC6B6F7-942B-4373-B782-4903EAE16A97}
	EndGlobalSection
EndGlobal
